<?xml version="1.0" encoding="utf-8"?>
<Project ToolsVersion="4.0" xmlns="http://schemas.microsoft.com/developer/msbuild/2003">
  <ItemGroup>
    <Filter Include="Source Files">
      <UniqueIdentifier>{4FC737F1-C7A5-4376-A066-2A32D752A2FF}</UniqueIdentifier>
      <Extensions>cpp;c;cc;cxx;c++;cppm;ixx;def;odl;idl;hpj;bat;asm;asmx</Extensions>
    </Filter>
    <Filter Include="Header Files">
      <UniqueIdentifier>{93995380-89BD-4b04-88EB-625FBE52EBFB}</UniqueIdentifier>
      <Extensions>h;hh;hpp;hxx;h++;hm;inl;inc;ipp;xsd</Extensions>
    </Filter>
    <Filter Include="Resource Files">
      <UniqueIdentifier>{67DA6AB6-F800-4c08-8B7A-83BB121AAD01}</UniqueIdentifier>
      <Extensions>rc;ico;cur;bmp;dlg;rc2;rct;bin;rgs;gif;jpg;jpeg;jpe;resx;tiff;tif;png;wav;mfcribbon-ms</Extensions>
    </Filter>
    <Filter Include="Utils">
      <UniqueIdentifier>{344740e0-1454-4271-b0e8-5b3385312ccc}</UniqueIdentifier>
    </Filter>
    <Filter Include="Source Files\GameObject">
      <UniqueIdentifier>{5b9b5d2c-ce84-4c6e-bcd6-85bc9a5a2387}</UniqueIdentifier>
    </Filter>
    <Filter Include="Source Files\GameObject\Items">
      <UniqueIdentifier>{9bcf131f-ca26-43f5-9b6d-059dba34078c}</UniqueIdentifier>
    </Filter>
    <Filter Include="Source Files\GameObject\Enemies">
      <UniqueIdentifier>{65186a48-02dc-43b8-92a0-557357916887}</UniqueIdentifier>
    </Filter>
    <Filter Include="Source Files\GameObject\Items\Weapons">
      <UniqueIdentifier>{d5b94f21-e686-469e-b1b4-559d5a53c65f}</UniqueIdentifier>
    </Filter>
    <Filter Include="Header Files\GameObject">
      <UniqueIdentifier>{0a473cd5-d8b9-412c-90d4-4770529e53ca}</UniqueIdentifier>
    </Filter>
    <Filter Include="Header Files\GameObject\Items">
      <UniqueIdentifier>{dbb813db-023b-4398-8fd0-798626ec60c3}</UniqueIdentifier>
    </Filter>
    <Filter Include="Header Files\GameObject\Items\Weapons">
      <UniqueIdentifier>{b1c5f8f4-0a56-4a7b-b155-44172867d18c}</UniqueIdentifier>
    </Filter>
    <Filter Include="Header Files\GameObject\Enemies">
      <UniqueIdentifier>{9c24779a-bddb-4d06-a670-867d3b65a47c}</UniqueIdentifier>
    </Filter>
    <Filter Include="Header Files\Manager">
      <UniqueIdentifier>{cd96a4d2-b228-4399-a4b7-f93c8ee2784a}</UniqueIdentifier>
    </Filter>
    <Filter Include="Source Files\Manager">
      <UniqueIdentifier>{a2826c65-085f-4fc4-929b-d43fead60c57}</UniqueIdentifier>
    </Filter>
    <Filter Include="Header Files\Level">
      <UniqueIdentifier>{2c62a9c0-6085-4414-8b34-04d06549cb72}</UniqueIdentifier>
    </Filter>
    <Filter Include="Source Files\Level">
      <UniqueIdentifier>{49bb6ed0-70a0-4a9c-a4a4-049ba5d50259}</UniqueIdentifier>
    </Filter>
  </ItemGroup>
  <ItemGroup>
    <ClCompile Include="Game.cpp">
      <Filter>Source Files</Filter>
    </ClCompile>
    <ClCompile Include="main.cpp">
      <Filter>Source Files</Filter>
    </ClCompile>
    <ClCompile Include="pch.cpp">
      <Filter>Source Files</Filter>
    </ClCompile>
    <ClCompile Include="Camera.cpp">
      <Filter>Source Files</Filter>
    </ClCompile>
    <ClCompile Include="HUD.cpp">
      <Filter>Source Files</Filter>
    </ClCompile>
    <ClCompile Include="Candle.cpp">
      <Filter>Source Files\GameObject\Items</Filter>
    </ClCompile>
    <ClCompile Include="Food.cpp">
      <Filter>Source Files\GameObject\Items</Filter>
    </ClCompile>
    <ClCompile Include="Heart.cpp">
      <Filter>Source Files\GameObject\Items</Filter>
    </ClCompile>
    <ClCompile Include="Invincibility.cpp">
      <Filter>Source Files\GameObject\Items</Filter>
    </ClCompile>
    <ClCompile Include="Item.cpp">
      <Filter>Source Files\GameObject\Items</Filter>
    </ClCompile>
    <ClCompile Include="Money.cpp">
      <Filter>Source Files\GameObject\Items</Filter>
    </ClCompile>
    <ClCompile Include="Sparkle.cpp">
      <Filter>Source Files\GameObject\Items</Filter>
    </ClCompile>
    <ClCompile Include="Avatar.cpp">
      <Filter>Source Files\GameObject</Filter>
    </ClCompile>
    <ClCompile Include="GameObject.cpp">
      <Filter>Source Files\GameObject</Filter>
    </ClCompile>
    <ClCompile Include="Worm.cpp">
      <Filter>Source Files\GameObject\Enemies</Filter>
    </ClCompile>
    <ClCompile Include="Unicorn.cpp">
      <Filter>Source Files\GameObject\Enemies</Filter>
    </ClCompile>
    <ClCompile Include="Turret.cpp">
      <Filter>Source Files\GameObject\Enemies</Filter>
    </ClCompile>
    <ClCompile Include="Skeleton.cpp">
      <Filter>Source Files\GameObject\Enemies</Filter>
    </ClCompile>
    <ClCompile Include="Projectile.cpp">
      <Filter>Source Files\GameObject\Enemies</Filter>
    </ClCompile>
    <ClCompile Include="Medusa.cpp">
      <Filter>Source Files\GameObject\Enemies</Filter>
    </ClCompile>
    <ClCompile Include="Enemy.cpp">
      <Filter>Source Files\GameObject\Enemies</Filter>
    </ClCompile>
    <ClCompile Include="Bat.cpp">
      <Filter>Source Files\GameObject\Enemies</Filter>
    </ClCompile>
    <ClCompile Include="Axe.cpp">
      <Filter>Source Files\GameObject\Items\Weapons</Filter>
    </ClCompile>
    <ClCompile Include="Boomerang.cpp">
      <Filter>Source Files\GameObject\Items\Weapons</Filter>
    </ClCompile>
    <ClCompile Include="Bottle.cpp">
      <Filter>Source Files\GameObject\Items\Weapons</Filter>
    </ClCompile>
    <ClCompile Include="Knife.cpp">
      <Filter>Source Files\GameObject\Items\Weapons</Filter>
    </ClCompile>
    <ClCompile Include="Weapon.cpp">
      <Filter>Source Files\GameObject\Items\Weapons</Filter>
    </ClCompile>
    <ClCompile Include="Sprite.cpp">
      <Filter>Source Files</Filter>
    </ClCompile>
    <ClCompile Include="Menu.cpp">
      <Filter>Source Files</Filter>
    </ClCompile>
    <ClCompile Include="ItemManager.cpp">
      <Filter>Source Files\Manager</Filter>
    </ClCompile>
    <ClCompile Include="LoadingManager.cpp">
      <Filter>Source Files\Manager</Filter>
    </ClCompile>
    <ClCompile Include="MusicManager.cpp">
      <Filter>Source Files\Manager</Filter>
    </ClCompile>
    <ClCompile Include="SoundManagerItem.cpp">
      <Filter>Source Files\Manager</Filter>
    </ClCompile>
    <ClCompile Include="EnemyManager.cpp">
      <Filter>Source Files\Manager</Filter>
    </ClCompile>
    <ClCompile Include="Level.cpp">
      <Filter>Source Files\Level</Filter>
    </ClCompile>
    <ClCompile Include="Hook.cpp">
      <Filter>Source Files\Level</Filter>
    </ClCompile>
    <ClCompile Include="Stair.cpp">
      <Filter>Source Files\Level</Filter>
    </ClCompile>
    <ClCompile Include="Player.cpp">
      <Filter>Source Files\Manager</Filter>
    </ClCompile>
    <ClCompile Include="SoundManagerAvatar.cpp">
      <Filter>Source Files\Manager</Filter>
    </ClCompile>
    <ClCompile Include="Spirit.cpp">
      <Filter>Source Files\GameObject\Enemies</Filter>
    </ClCompile>
    <ClCompile Include="SoundManagerEnemy.cpp">
      <Filter>Source Files\Manager</Filter>
    </ClCompile>
    <ClCompile Include="SoundManagerMenu.cpp">
      <Filter>Source Files</Filter>
    </ClCompile>
  </ItemGroup>
  <ItemGroup>
    <ClInclude Include="Game.h">
      <Filter>Header Files</Filter>
    </ClInclude>
    <ClInclude Include="pch.h">
      <Filter>Header Files</Filter>
    </ClInclude>
    <ClInclude Include="Sprite.h">
      <Filter>Header Files</Filter>
    </ClInclude>
    <ClInclude Include="Camera.h">
      <Filter>Header Files</Filter>
    </ClInclude>
    <ClInclude Include="HUD.h">
      <Filter>Header Files</Filter>
    </ClInclude>
    <ClInclude Include="Weapon.h">
      <Filter>Header Files\GameObject\Items\Weapons</Filter>
    </ClInclude>
    <ClInclude Include="Knife.h">
      <Filter>Header Files\GameObject\Items\Weapons</Filter>
    </ClInclude>
    <ClInclude Include="Bottle.h">
      <Filter>Header Files\GameObject\Items\Weapons</Filter>
    </ClInclude>
    <ClInclude Include="Boomerang.h">
      <Filter>Header Files\GameObject\Items\Weapons</Filter>
    </ClInclude>
    <ClInclude Include="Axe.h">
      <Filter>Header Files\GameObject\Items\Weapons</Filter>
    </ClInclude>
    <ClInclude Include="Avatar.h">
      <Filter>Header Files\GameObject</Filter>
    </ClInclude>
    <ClInclude Include="Candle.h">
      <Filter>Header Files\GameObject\Items</Filter>
    </ClInclude>
    <ClInclude Include="Food.h">
      <Filter>Header Files\GameObject\Items</Filter>
    </ClInclude>
    <ClInclude Include="Heart.h">
      <Filter>Header Files\GameObject\Items</Filter>
    </ClInclude>
    <ClInclude Include="Invincibility.h">
      <Filter>Header Files\GameObject\Items</Filter>
    </ClInclude>
    <ClInclude Include="Item.h">
      <Filter>Header Files\GameObject\Items</Filter>
    </ClInclude>
    <ClInclude Include="Money.h">
      <Filter>Header Files\GameObject\Items</Filter>
    </ClInclude>
    <ClInclude Include="Sparkle.h">
      <Filter>Header Files\GameObject\Items</Filter>
    </ClInclude>
    <ClInclude Include="Bat.h">
      <Filter>Header Files\GameObject\Enemies</Filter>
    </ClInclude>
    <ClInclude Include="Enemy.h">
      <Filter>Header Files\GameObject\Enemies</Filter>
    </ClInclude>
    <ClInclude Include="Medusa.h">
      <Filter>Header Files\GameObject\Enemies</Filter>
    </ClInclude>
    <ClInclude Include="Skeleton.h">
      <Filter>Header Files\GameObject\Enemies</Filter>
    </ClInclude>
    <ClInclude Include="Turret.h">
      <Filter>Header Files\GameObject\Enemies</Filter>
    </ClInclude>
    <ClInclude Include="Unicorn.h">
      <Filter>Header Files\GameObject\Enemies</Filter>
    </ClInclude>
    <ClInclude Include="Worm.h">
      <Filter>Header Files\GameObject\Enemies</Filter>
    </ClInclude>
    <ClInclude Include="GameObject.h">
      <Filter>Header Files\GameObject</Filter>
    </ClInclude>
    <ClInclude Include="Projectile.h">
      <Filter>Header Files\GameObject\Items</Filter>
    </ClInclude>
    <ClInclude Include="Menu.h">
      <Filter>Header Files</Filter>
    </ClInclude>
    <ClInclude Include="SoundManagerItem.h">
      <Filter>Header Files\Manager</Filter>
    </ClInclude>
    <ClInclude Include="ItemManager.h">
      <Filter>Header Files\Manager</Filter>
    </ClInclude>
    <ClInclude Include="EnemyManager.h">
      <Filter>Header Files\Manager</Filter>
    </ClInclude>
    <ClInclude Include="LoadingManager.h">
      <Filter>Header Files\Manager</Filter>
    </ClInclude>
    <ClInclude Include="MusicManager.h">
      <Filter>Header Files\Manager</Filter>
    </ClInclude>
    <ClInclude Include="Hook.h">
      <Filter>Header Files\Level</Filter>
    </ClInclude>
    <ClInclude Include="Level.h">
      <Filter>Header Files\Level</Filter>
    </ClInclude>
    <ClInclude Include="Stair.h">
      <Filter>Header Files\Level</Filter>
    </ClInclude>
    <ClInclude Include="Player.h">
      <Filter>Header Files\Manager</Filter>
    </ClInclude>
    <ClInclude Include="SoundManagerAvatar.h">
      <Filter>Header Files\Manager</Filter>
    </ClInclude>
    <ClInclude Include="Spirit.h">
      <Filter>Header Files\GameObject\Enemies</Filter>
    </ClInclude>
    <ClInclude Include="SoundManagerEnemy.h">
      <Filter>Header Files\Manager</Filter>
    </ClInclude>
    <ClInclude Include="SoundManagerMenu.h">
      <Filter>Header Files</Filter>
    </ClInclude>
  </ItemGroup>
</Project>